Microsoft Visual Studio Solution File, Format Version 12.00
# Visual Studio 2012
Project("{FAE04EC0-301F-11D3-BF4B-00C04F79EFBC}") = "Barbarian Blaster", "Barbarian Blaster.csproj", "{C24E1FD9-E574-42DB-8D04-7E9687F55FAE}"
EndProject
Global
	GlobalSection(SolutionConfigurationPlatforms) = preSolution
	Debug|Any CPU = Debug|Any CPU
	ExportDebug|Any CPU = ExportDebug|Any CPU
	ExportRelease|Any CPU = ExportRelease|Any CPU
	EndGlobalSection
	GlobalSection(ProjectConfigurationPlatforms) = postSolution
		{C24E1FD9-E574-42DB-8D04-7E9687F55FAE}.Debug|Any CPU.ActiveCfg = Debug|Any CPU
		{C24E1FD9-E574-42DB-8D04-7E9687F55FAE}.Debug|Any CPU.Build.0 = Debug|Any CPU
		{C24E1FD9-E574-42DB-8D04-7E9687F55FAE}.ExportDebug|Any CPU.ActiveCfg = ExportDebug|Any CPU
		{C24E1FD9-E574-42DB-8D04-7E9687F55FAE}.ExportDebug|Any CPU.Build.0 = ExportDebug|Any CPU
		{C24E1FD9-E574-42DB-8D04-7E9687F55FAE}.ExportRelease|Any CPU.ActiveCfg = ExportRelease|Any CPU
		{C24E1FD9-E574-42DB-8D04-7E9687F55FAE}.ExportRelease|Any CPU.Build.0 = ExportRelease|Any CPU
	EndGlobalSection
EndGlobal
